{
  "originHash" : "9b4c8facb56ae69ab22c3bdd62ac18613f1d73f0030e6287c4e9f5a3b9bc5ef9",
  "pins" : [
    {
      "identity" : "elementary",
      "kind" : "remoteSourceControl",
      "location" : "https://github.com/sliemeobn/elementary",
      "state" : {
        "revision" : "5e6a7b5a5d5974e90f679ce4570e1dcfb011734d",
        "version" : "0.5.2"
      }
    },
    {
      "identity" : "elementary-css",
      "kind" : "remoteSourceControl",
      "location" : "https://github.com/sliemeobn/elementary-css",
      "state" : {
        "branch" : "main",
        "revision" : "882c359bbb2244e7a731be8affb55c29827ebf00"
      }
    },
    {
      "identity" : "elementary-dom",
      "kind" : "remoteSourceControl",
      "location" : "https://github.com/sliemeobn/elementary-dom",
      "state" : {
        "branch" : "main",
        "revision" : "08ce6be816f05838ae55d200064a9bf7185c152a"
      }
    },
    {
      "identity" : "javascriptkit",
      "kind" : "remoteSourceControl",
      "location" : "https://github.com/swiftwasm/JavaScriptKit",
      "state" : {
        "revision" : "253ab0b4322ad4c99c61e74c3258646408b1974d",
        "version" : "0.27.0"
      }
    },
    {
      "identity" : "swift-syntax",
      "kind" : "remoteSourceControl",
      "location" : "https://github.com/swiftlang/swift-syntax",
      "state" : {
        "revision" : "0687f71944021d616d34d922343dcef086855920",
        "version" : "600.0.1"
      }
    }
  ],
  "version" : 3
}
